
Microsoft Visual Studio Solution File, Format Version 12.00
# Visual Studio Version 16
VisualStudioVersion = 16.0.31205.134
MinimumVisualStudioVersion = 10.0.40219.1
Project("{FAE04EC0-301F-11D3-BF4B-00C04F79EFBC}") = "LunchOrder", "LunchOrder\LunchOrder.csproj", "{AF761E64-3B2A-4DBE-8C20-8EB31F539490}"
EndProject
Global
	GlobalSection(SolutionConfigurationPlatforms) = preSolution
		Debug|Any CPU = Debug|Any CPU
		Release|Any CPU = Release|Any CPU
	EndGlobalSection
	GlobalSection(ProjectConfigurationPlatforms) = postSolution
		{AF761E64-3B2A-4DBE-8C20-8EB31F539490}.Debug|Any CPU.ActiveCfg = Debug|Any CPU
		{AF761E64-3B2A-4DBE-8C20-8EB31F539490}.Debug|Any CPU.Build.0 = Debug|Any CPU
		{AF761E64-3B2A-4DBE-8C20-8EB31F539490}.Release|Any CPU.ActiveCfg = Release|Any CPU
		{AF761E64-3B2A-4DBE-8C20-8EB31F539490}.Release|Any CPU.Build.0 = Release|Any CPU
	EndGlobalSection
	GlobalSection(SolutionProperties) = preSolution
		HideSolutionNode = FALSE
	EndGlobalSection
	GlobalSection(ExtensibilityGlobals) = postSolution
		SolutionGuid = {F1557B07-5263-4B33-962F-7DB4802A3F37}
	EndGlobalSection
EndGlobal
